
Microsoft Visual Studio Solution File, Format Version 12.00
# Visual Studio 15
VisualStudioVersion = 15.0.27004.2006
MinimumVisualStudioVersion = 10.0.40219.1
Project("{FAE04EC0-301F-11D3-BF4B-00C04F79EFBC}") = "StreamTrimTool", "StreamTrimTool\StreamTrimTool.csproj", "{09DA68E9-C2B2-4617-A11F-F6F10B565051}"
EndProject
Global
	GlobalSection(SolutionConfigurationPlatforms) = preSolution
		Debug|Any CPU = Debug|Any CPU
		Release|Any CPU = Release|Any CPU
	EndGlobalSection
	GlobalSection(ProjectConfigurationPlatforms) = postSolution
		{09DA68E9-C2B2-4617-A11F-F6F10B565051}.Debug|Any CPU.ActiveCfg = Debug|Any CPU
		{09DA68E9-C2B2-4617-A11F-F6F10B565051}.Debug|Any CPU.Build.0 = Debug|Any CPU
		{09DA68E9-C2B2-4617-A11F-F6F10B565051}.Release|Any CPU.ActiveCfg = Release|Any CPU
		{09DA68E9-C2B2-4617-A11F-F6F10B565051}.Release|Any CPU.Build.0 = Release|Any CPU
	EndGlobalSection
	GlobalSection(SolutionProperties) = preSolution
		HideSolutionNode = FALSE
	EndGlobalSection
	GlobalSection(ExtensibilityGlobals) = postSolution
		SolutionGuid = {6C46D940-270C-42E2-B316-4280C4D3448F}
	EndGlobalSection
EndGlobal
